
Microsoft Visual Studio Solution File, Format Version 12.00
# Visual Studio Version 16
VisualStudioVersion = 16.0.31911.196
MinimumVisualStudioVersion = 10.0.40219.1
Project("{FAE04EC0-301F-11D3-BF4B-00C04F79EFBC}") = "Recursivitate3", "Recursivitate3.csproj", "{0EC0BCE2-FB19-485C-B3B1-63141EDAFAEF}"
EndProject
Global
	GlobalSection(SolutionConfigurationPlatforms) = preSolution
		Debug|Any CPU = Debug|Any CPU
		Release|Any CPU = Release|Any CPU
	EndGlobalSection
	GlobalSection(ProjectConfigurationPlatforms) = postSolution
		{0EC0BCE2-FB19-485C-B3B1-63141EDAFAEF}.Debug|Any CPU.ActiveCfg = Debug|Any CPU
		{0EC0BCE2-FB19-485C-B3B1-63141EDAFAEF}.Debug|Any CPU.Build.0 = Debug|Any CPU
		{0EC0BCE2-FB19-485C-B3B1-63141EDAFAEF}.Release|Any CPU.ActiveCfg = Release|Any CPU
		{0EC0BCE2-FB19-485C-B3B1-63141EDAFAEF}.Release|Any CPU.Build.0 = Release|Any CPU
	EndGlobalSection
	GlobalSection(SolutionProperties) = preSolution
		HideSolutionNode = FALSE
	EndGlobalSection
	GlobalSection(ExtensibilityGlobals) = postSolution
		SolutionGuid = {EBB3A4F6-1DCE-4299-B8C8-4DA4ADC86939}
	EndGlobalSection
EndGlobal
